PODS:
  - Alamofire (4.9.1)
  - audioplayers (0.0.1):
    - Flutter
  - chnsmile_flutter (0.0.1):
    - Flutter
  - DKImagePickerController/Core (4.3.4):
    - DKImagePickerController/ImageDataManager
    - DKImagePickerController/Resource
  - DKImagePickerController/ImageDataManager (4.3.4)
  - DKImagePickerController/PhotoGallery (4.3.4):
    - DKImagePickerController/Core
    - DKPhotoGallery
  - DKImagePickerController/Resource (4.3.4)
  - DKPhotoGallery (0.0.17):
    - DKPhotoGallery/Core (= 0.0.17)
    - DKPhotoGallery/Model (= 0.0.17)
    - DKPhotoGallery/Preview (= 0.0.17)
    - DKPhotoGallery/Resource (= 0.0.17)
    - SDWebImage
    - SwiftyGif
  - DKPhotoGallery/Core (0.0.17):
    - DKPhotoGallery/Model
    - DKPhotoGallery/Preview
    - SDWebImage
    - SwiftyGif
  - DKPhotoGallery/Model (0.0.17):
    - SDWebImage
    - SwiftyGif
  - DKPhotoGallery/Preview (0.0.17):
    - DKPhotoGallery/Model
    - DKPhotoGallery/Resource
    - SDWebImage
    - SwiftyGif
  - DKPhotoGallery/Resource (0.0.17):
    - SDWebImage
    - SwiftyGif
  - file_picker (0.0.1):
    - DKImagePickerController/PhotoGallery
    - Flutter
  - Flutter (1.0.0)
  - flutter_boost (0.0.2):
    - Flutter
  - flutter_image_compress (1.0.0):
    - Flutter
    - Mantle
    - SDWebImage
    - SDWebImageWebPCoder
  - flutter_plugin_record (0.0.1):
    - Flutter
  - FlutterPluginRegistrant (0.0.1):
    - audioplayers
    - file_picker
    - Flutter
    - flutter_boost
    - flutter_image_compress
    - flutter_plugin_record
    - fluttertoast
    - path_provider_foundation
    - shared_preferences_foundation
    - sqflite
  - fluttertoast (0.0.2):
    - Flutter
    - Toast
  - FMDB (2.7.5):
    - FMDB/standard (= 2.7.5)
  - FMDB/standard (2.7.5)
  - GTSDK (2.7.4.0):
    - ZXSDK
  - HandyJSON (5.0.0-beta.1)
  - libwebp (1.2.4):
    - libwebp/demux (= 1.2.4)
    - libwebp/mux (= 1.2.4)
    - libwebp/webp (= 1.2.4)
  - libwebp/demux (1.2.4):
    - libwebp/webp
  - libwebp/mux (1.2.4):
    - libwebp/demux
  - libwebp/webp (1.2.4)
  - Mantle (2.2.0):
    - Mantle/extobjc (= 2.2.0)
  - Mantle/extobjc (2.2.0)
  - MBProgressHUD (1.1.0)
  - Moya/Core (14.0.0-alpha.1):
    - Alamofire (~> 4.1)
    - Result (~> 4.1)
  - Moya/RxSwift (14.0.0-alpha.1):
    - Moya/Core
    - RxSwift (~> 5.0)
  - path_provider_foundation (0.0.1):
    - Flutter
    - FlutterMacOS
  - ReactiveObjC (3.1.1)
  - Result (4.1.0)
  - RxSwift (5.1.3)
  - SDWebImage (5.12.6):
    - SDWebImage/Core (= 5.12.6)
  - SDWebImage/Core (5.12.6)
  - SDWebImageWebPCoder (0.8.5):
    - libwebp (~> 1.0)
    - SDWebImage/Core (~> 5.10)
  - shared_preferences_foundation (0.0.1):
    - Flutter
    - FlutterMacOS
  - sqflite (0.0.2):
    - Flutter
    - FMDB (>= 2.7.5)
  - SwiftEventBus (5.0.0)
  - SwiftyGif (5.4.3)
  - Toast (4.0.0)
  - TUIChat (6.0.1992):
    - TUIChat/Cell (= 6.0.1992)
    - TUIChat/DataProvider (= 6.0.1992)
    - TUIChat/Service (= 6.0.1992)
    - TUIChat/UI (= 6.0.1992)
    - TUIChat/VoiceConvert (= 6.0.1992)
    - TUICore (= 6.0.1992)
  - TUIChat/Cell (6.0.1992):
    - TUIChat/Cell/CellData (= 6.0.1992)
    - TUIChat/Cell/CellUI (= 6.0.1992)
    - TUICore (= 6.0.1992)
  - TUIChat/Cell/CellData (6.0.1992):
    - TUIChat/Cell/CellData/Base (= 6.0.1992)
    - TUIChat/Cell/CellData/Chat (= 6.0.1992)
    - TUIChat/Cell/CellData/Custom (= 6.0.1992)
    - TUIChat/Cell/CellData/Reply (= 6.0.1992)
    - TUICore (= 6.0.1992)
  - TUIChat/Cell/CellData/Base (6.0.1992):
    - TUIChat/VoiceConvert
    - TUICore (= 6.0.1992)
  - TUIChat/Cell/CellData/Chat (6.0.1992):
    - TUIChat/Cell/CellData/Base
    - TUICore (= 6.0.1992)
  - TUIChat/Cell/CellData/Custom (6.0.1992):
    - TUIChat/Cell/CellData/Chat
    - TUICore (= 6.0.1992)
  - TUIChat/Cell/CellData/Reply (6.0.1992):
    - TUIChat/Cell/CellData/Chat
    - TUICore (= 6.0.1992)
  - TUIChat/Cell/CellUI (6.0.1992):
    - TUIChat/Cell/CellUI/Base (= 6.0.1992)
    - TUIChat/Cell/CellUI/Chat (= 6.0.1992)
    - TUIChat/Cell/CellUI/Custom (= 6.0.1992)
    - TUIChat/Cell/CellUI/Reply (= 6.0.1992)
    - TUICore (= 6.0.1992)
  - TUIChat/Cell/CellUI/Base (6.0.1992):
    - TUIChat/Cell/CellData
    - TUICore (= 6.0.1992)
  - TUIChat/Cell/CellUI/Chat (6.0.1992):
    - TUIChat/Cell/CellUI/Base
    - TUICore (= 6.0.1992)
  - TUIChat/Cell/CellUI/Custom (6.0.1992):
    - TUIChat/Cell/CellUI/Chat
    - TUICore (= 6.0.1992)
  - TUIChat/Cell/CellUI/Reply (6.0.1992):
    - TUIChat/Cell/CellUI/Chat
    - TUICore (= 6.0.1992)
  - TUIChat/DataProvider (6.0.1992):
    - TUIChat/Cell
    - TUICore (= 6.0.1992)
  - TUIChat/Service (6.0.1992):
    - TUIChat/UI
    - TUICore (= 6.0.1992)
  - TUIChat/UI (6.0.1992):
    - TUIChat/UI/Base (= 6.0.1992)
    - TUIChat/UI/Chat (= 6.0.1992)
    - TUIChat/UI/Forward (= 6.0.1992)
    - TUIChat/UI/Input (= 6.0.1992)
    - TUIChat/UI/Pendency (= 6.0.1992)
    - TUICore (= 6.0.1992)
  - TUIChat/UI/Base (6.0.1992):
    - TUIChat/UI/Base/Camera (= 6.0.1992)
    - TUIChat/UI/Base/Media (= 6.0.1992)
    - TUIChat/UI/Base/Pop (= 6.0.1992)
    - TUICore (= 6.0.1992)
  - TUIChat/UI/Base/Camera (6.0.1992):
    - TUIChat/DataProvider
    - TUICore (= 6.0.1992)
  - TUIChat/UI/Base/Media (6.0.1992):
    - TUIChat/UI/Base/Camera
    - TUICore (= 6.0.1992)
  - TUIChat/UI/Base/Pop (6.0.1992):
    - TUICore (= 6.0.1992)
  - TUIChat/UI/Chat (6.0.1992):
    - TUIChat/UI/Forward
    - TUIChat/UI/Input
    - TUIChat/UI/Pendency
    - TUICore (= 6.0.1992)
  - TUIChat/UI/Forward (6.0.1992):
    - TUIChat/UI/Base
    - TUICore (= 6.0.1992)
  - TUIChat/UI/Input (6.0.1992):
    - TUIChat/UI/Base
    - TUICore (= 6.0.1992)
  - TUIChat/UI/Pendency (6.0.1992):
    - TUIChat/UI/Base
    - TUICore (= 6.0.1992)
  - TUIChat/VoiceConvert (6.0.1992):
    - TUICore (= 6.0.1992)
  - TUICore (6.0.1992):
    - ReactiveObjC
    - SDWebImage
    - TXIMSDK_Plus_iOS (= 6.0.1975)
  - TXIMSDK_Plus_iOS (6.0.1975)
  - WKWebViewJavascriptBridge (1.2.2)
  - ZXSDK (3.2.3)

DEPENDENCIES:
  - audioplayers (from `../chnsmile_flutter/.ios/.symlinks/plugins/audioplayers/ios`)
  - chnsmile_flutter (from `../chnsmile_flutter/.ios/Flutter`)
  - file_picker (from `../chnsmile_flutter/.ios/.symlinks/plugins/file_picker/ios`)
  - Flutter (from `../chnsmile_flutter/.ios/Flutter/engine`)
  - flutter_boost (from `../chnsmile_flutter/.ios/.symlinks/plugins/flutter_boost/ios`)
  - flutter_image_compress (from `../chnsmile_flutter/.ios/.symlinks/plugins/flutter_image_compress/ios`)
  - flutter_plugin_record (from `../chnsmile_flutter/.ios/.symlinks/plugins/flutter_plugin_record/ios`)
  - FlutterPluginRegistrant (from `../chnsmile_flutter/.ios/Flutter/FlutterPluginRegistrant`)
  - fluttertoast (from `../chnsmile_flutter/.ios/.symlinks/plugins/fluttertoast/ios`)
  - GTSDK
  - HandyJSON (= 5.0.0-beta.1)
  - MBProgressHUD (~> 1.1.0)
  - Moya/RxSwift (= 14.0.0-alpha.1)
  - path_provider_foundation (from `../chnsmile_flutter/.ios/.symlinks/plugins/path_provider_foundation/ios`)
  - RxSwift (~> 5)
  - SDWebImage (~> 5.12.2)
  - shared_preferences_foundation (from `../chnsmile_flutter/.ios/.symlinks/plugins/shared_preferences_foundation/ios`)
  - sqflite (from `../chnsmile_flutter/.ios/.symlinks/plugins/sqflite/ios`)
  - SwiftEventBus (from `https://github.com/cesarferreira/SwiftEventBus.git`, tag `5.1.0`)
  - TUIChat (= 6.0.1992)
  - WKWebViewJavascriptBridge (~> 1.2.2)

SPEC REPOS:
  trunk:
    - Alamofire
    - DKImagePickerController
    - DKPhotoGallery
    - FMDB
    - GTSDK
    - HandyJSON
    - libwebp
    - Mantle
    - MBProgressHUD
    - Moya
    - ReactiveObjC
    - Result
    - RxSwift
    - SDWebImage
    - SDWebImageWebPCoder
    - SwiftyGif
    - Toast
    - TUIChat
    - TUICore
    - TXIMSDK_Plus_iOS
    - WKWebViewJavascriptBridge
    - ZXSDK

EXTERNAL SOURCES:
  audioplayers:
    :path: "../chnsmile_flutter/.ios/.symlinks/plugins/audioplayers/ios"
  chnsmile_flutter:
    :path: "../chnsmile_flutter/.ios/Flutter"
  file_picker:
    :path: "../chnsmile_flutter/.ios/.symlinks/plugins/file_picker/ios"
  Flutter:
    :path: "../chnsmile_flutter/.ios/Flutter/engine"
  flutter_boost:
    :path: "../chnsmile_flutter/.ios/.symlinks/plugins/flutter_boost/ios"
  flutter_image_compress:
    :path: "../chnsmile_flutter/.ios/.symlinks/plugins/flutter_image_compress/ios"
  flutter_plugin_record:
    :path: "../chnsmile_flutter/.ios/.symlinks/plugins/flutter_plugin_record/ios"
  FlutterPluginRegistrant:
    :path: "../chnsmile_flutter/.ios/Flutter/FlutterPluginRegistrant"
  fluttertoast:
    :path: "../chnsmile_flutter/.ios/.symlinks/plugins/fluttertoast/ios"
  path_provider_foundation:
    :path: "../chnsmile_flutter/.ios/.symlinks/plugins/path_provider_foundation/ios"
  shared_preferences_foundation:
    :path: "../chnsmile_flutter/.ios/.symlinks/plugins/shared_preferences_foundation/ios"
  sqflite:
    :path: "../chnsmile_flutter/.ios/.symlinks/plugins/sqflite/ios"
  SwiftEventBus:
    :git: https://github.com/cesarferreira/SwiftEventBus.git
    :tag: 5.1.0

CHECKOUT OPTIONS:
  SwiftEventBus:
    :git: https://github.com/cesarferreira/SwiftEventBus.git
    :tag: 5.1.0

SPEC CHECKSUMS:
  Alamofire: 85e8a02c69d6020a0d734f6054870d7ecb75cf18
  audioplayers: 455322b54050b30ea4b1af7cd9e9d105f74efa8c
  chnsmile_flutter: 8ded7729972aef05650317d2e80dda4416b7a4f0
  DKImagePickerController: b512c28220a2b8ac7419f21c491fc8534b7601ac
  DKPhotoGallery: fdfad5125a9fdda9cc57df834d49df790dbb4179
  file_picker: 817ab1d8cd2da9d2da412a417162deee3500fc95
  Flutter: bdfa2e8fe0e2880a2c6a58a0b1a8675c262a07af
  flutter_boost: 6a73c54e5654df180c2cc379045b8cba9746fc8a
  flutter_image_compress: 5a5e9aee05b6553048b8df1c3bc456d0afaac433
  flutter_plugin_record: 562ded56f3a109d769e72c3ef52ef20d835493d4
  FlutterPluginRegistrant: 0b6dc8e720da71d283b36720fb84ae52af7ade39
  fluttertoast: eb263d302cc92e04176c053d2385237e9f43fad0
  FMDB: 2ce00b547f966261cd18927a3ddb07cb6f3db82a
  GTSDK: f28e6d575e8a1c26e331ce29b0ecac7db39679cc
  HandyJSON: 582477127ab3ab65bd2e471815f1a7b846856978
  libwebp: f62cb61d0a484ba548448a4bd52aabf150ff6eef
  Mantle: c5aa8794a29a022dfbbfc9799af95f477a69b62d
  MBProgressHUD: e7baa36a220447d8aeb12769bf0585582f3866d9
  Moya: 65485239114b3b327a17dc2e839f6c8b7143aae9
  path_provider_foundation: c68054786f1b4f3343858c1e1d0caaded73f0be9
  ReactiveObjC: 011caa393aa0383245f2dcf9bf02e86b80b36040
  Result: bd966fac789cc6c1563440b348ab2598cc24d5c7
  RxSwift: 915abbdfb62214aa89ccd0b194d44fb478019b27
  SDWebImage: a47aea9e3d8816015db4e523daff50cfd294499d
  SDWebImageWebPCoder: 908b83b6adda48effe7667cd2b7f78c897e5111d
  shared_preferences_foundation: 986fc17f3d3251412d18b0265f9c64113a8c2472
  sqflite: 6d358c025f5b867b29ed92fc697fd34924e11904
  SwiftEventBus: 976fdca8270b925c5f8e897f519cc49597e1f13c
  SwiftyGif: 6c3eafd0ce693cad58bb63d2b2fb9bacb8552780
  Toast: 91b396c56ee72a5790816f40d3a94dd357abc196
  TUIChat: 40eadc25757e5f828c86456797a89364d52e6e67
  TUICore: addee8e37417b986fad60d582555763ff153a6ae
  TXIMSDK_Plus_iOS: b4938e8a26865ddf81fcff413236d99f6fbae39c
  WKWebViewJavascriptBridge: d7324badf8996486c71648f448617b09bf927b4b
  ZXSDK: 3ae8f7f2c5d45b4c1def43e14d930495c5f4d424

PODFILE CHECKSUM: a1a5a61a47a231cf8f962619600fb03481660c24

COCOAPODS: 1.12.1
